
Microsoft Visual Studio Solution File, Format Version 12.00
# Visual Studio 15
VisualStudioVersion = 15.0.27004.2010
MinimumVisualStudioVersion = 10.0.40219.1
Project("{9A19103F-16F7-4668-BE54-9A1E7A4F7556}") = "Survoicerium.GameApi", "Survoicerium.GameApi\Survoicerium.GameApi.csproj", "{5FBCC2E1-CEB6-489A-BB35-509BBC6997A2}"
EndProject
Project("{9A19103F-16F7-4668-BE54-9A1E7A4F7556}") = "Survoicerium.Discord.Bot", "Survoicerium.Discord.Bot\Survoicerium.Discord.Bot.csproj", "{06D1577F-9A7C-4ADE-95E6-377653BA489E}"
EndProject
Project("{9A19103F-16F7-4668-BE54-9A1E7A4F7556}") = "Survoicerium.Messaging", "Survoicerium.Messaging\Survoicerium.Messaging.csproj", "{86472C40-429C-4C73-B517-B7D709ACA8B3}"
EndProject
Project("{9A19103F-16F7-4668-BE54-9A1E7A4F7556}") = "Survoicerium.Messaging.RabbitMq", "Survoicerium.Messaging.RabbitMq\Survoicerium.Messaging.RabbitMq.csproj", "{FE9D359F-081F-4F3F-9B31-E98E21C82306}"
EndProject
Project("{9A19103F-16F7-4668-BE54-9A1E7A4F7556}") = "Survoicerium.Frontend", "Survoicerium.Frontend\Survoicerium.Frontend.csproj", "{E36D12F9-EC4B-4984-8DEF-B1121A483A0F}"
EndProject
Project("{9A19103F-16F7-4668-BE54-9A1E7A4F7556}") = "Survoicerium.Infrastructure.Mongo", "Survoicerium.Infrastructure.Mongo\Survoicerium.Infrastructure.Mongo.csproj", "{DE9AFB60-8A94-4D45-A45B-6299F91CB1E8}"
EndProject
Project("{9A19103F-16F7-4668-BE54-9A1E7A4F7556}") = "Survoicerium.Core", "Survoicerium.Core\Survoicerium.Core.csproj", "{36DD90C2-3388-4DFF-B195-0593ED167FA0}"
EndProject
Project("{9A19103F-16F7-4668-BE54-9A1E7A4F7556}") = "Survoicerium.Discord.ApiClient", "Survoicerium.Discord.ApiClient\Survoicerium.Discord.ApiClient.csproj", "{09C7000F-D117-4D53-89E8-CB0E60C4C625}"
EndProject
Global
	GlobalSection(SolutionConfigurationPlatforms) = preSolution
		Debug|Any CPU = Debug|Any CPU
		Release|Any CPU = Release|Any CPU
	EndGlobalSection
	GlobalSection(ProjectConfigurationPlatforms) = postSolution
		{5FBCC2E1-CEB6-489A-BB35-509BBC6997A2}.Debug|Any CPU.ActiveCfg = Debug|Any CPU
		{5FBCC2E1-CEB6-489A-BB35-509BBC6997A2}.Debug|Any CPU.Build.0 = Debug|Any CPU
		{5FBCC2E1-CEB6-489A-BB35-509BBC6997A2}.Release|Any CPU.ActiveCfg = Release|Any CPU
		{5FBCC2E1-CEB6-489A-BB35-509BBC6997A2}.Release|Any CPU.Build.0 = Release|Any CPU
		{06D1577F-9A7C-4ADE-95E6-377653BA489E}.Debug|Any CPU.ActiveCfg = Debug|Any CPU
		{06D1577F-9A7C-4ADE-95E6-377653BA489E}.Debug|Any CPU.Build.0 = Debug|Any CPU
		{06D1577F-9A7C-4ADE-95E6-377653BA489E}.Release|Any CPU.ActiveCfg = Release|Any CPU
		{06D1577F-9A7C-4ADE-95E6-377653BA489E}.Release|Any CPU.Build.0 = Release|Any CPU
		{86472C40-429C-4C73-B517-B7D709ACA8B3}.Debug|Any CPU.ActiveCfg = Debug|Any CPU
		{86472C40-429C-4C73-B517-B7D709ACA8B3}.Debug|Any CPU.Build.0 = Debug|Any CPU
		{86472C40-429C-4C73-B517-B7D709ACA8B3}.Release|Any CPU.ActiveCfg = Release|Any CPU
		{86472C40-429C-4C73-B517-B7D709ACA8B3}.Release|Any CPU.Build.0 = Release|Any CPU
		{FE9D359F-081F-4F3F-9B31-E98E21C82306}.Debug|Any CPU.ActiveCfg = Debug|Any CPU
		{FE9D359F-081F-4F3F-9B31-E98E21C82306}.Debug|Any CPU.Build.0 = Debug|Any CPU
		{FE9D359F-081F-4F3F-9B31-E98E21C82306}.Release|Any CPU.ActiveCfg = Release|Any CPU
		{FE9D359F-081F-4F3F-9B31-E98E21C82306}.Release|Any CPU.Build.0 = Release|Any CPU
		{E36D12F9-EC4B-4984-8DEF-B1121A483A0F}.Debug|Any CPU.ActiveCfg = Debug|Any CPU
		{E36D12F9-EC4B-4984-8DEF-B1121A483A0F}.Debug|Any CPU.Build.0 = Debug|Any CPU
		{E36D12F9-EC4B-4984-8DEF-B1121A483A0F}.Release|Any CPU.ActiveCfg = Release|Any CPU
		{E36D12F9-EC4B-4984-8DEF-B1121A483A0F}.Release|Any CPU.Build.0 = Release|Any CPU
		{DE9AFB60-8A94-4D45-A45B-6299F91CB1E8}.Debug|Any CPU.ActiveCfg = Debug|Any CPU
		{DE9AFB60-8A94-4D45-A45B-6299F91CB1E8}.Debug|Any CPU.Build.0 = Debug|Any CPU
		{DE9AFB60-8A94-4D45-A45B-6299F91CB1E8}.Release|Any CPU.ActiveCfg = Release|Any CPU
		{DE9AFB60-8A94-4D45-A45B-6299F91CB1E8}.Release|Any CPU.Build.0 = Release|Any CPU
		{36DD90C2-3388-4DFF-B195-0593ED167FA0}.Debug|Any CPU.ActiveCfg = Debug|Any CPU
		{36DD90C2-3388-4DFF-B195-0593ED167FA0}.Debug|Any CPU.Build.0 = Debug|Any CPU
		{36DD90C2-3388-4DFF-B195-0593ED167FA0}.Release|Any CPU.ActiveCfg = Release|Any CPU
		{36DD90C2-3388-4DFF-B195-0593ED167FA0}.Release|Any CPU.Build.0 = Release|Any CPU
		{09C7000F-D117-4D53-89E8-CB0E60C4C625}.Debug|Any CPU.ActiveCfg = Debug|Any CPU
		{09C7000F-D117-4D53-89E8-CB0E60C4C625}.Debug|Any CPU.Build.0 = Debug|Any CPU
		{09C7000F-D117-4D53-89E8-CB0E60C4C625}.Release|Any CPU.ActiveCfg = Release|Any CPU
		{09C7000F-D117-4D53-89E8-CB0E60C4C625}.Release|Any CPU.Build.0 = Release|Any CPU
	EndGlobalSection
	GlobalSection(SolutionProperties) = preSolution
		HideSolutionNode = FALSE
	EndGlobalSection
	GlobalSection(ExtensibilityGlobals) = postSolution
		SolutionGuid = {DDB19C93-C6CA-49B0-B1CF-8A9F055EA463}
	EndGlobalSection
EndGlobal
