
Microsoft Visual Studio Solution File, Format Version 12.00
# Visual Studio 15
VisualStudioVersion = 15.0.27004.2002
MinimumVisualStudioVersion = 10.0.40219.1
Project("{FAE04EC0-301F-11D3-BF4B-00C04F79EFBC}") = "Survoicerium.Backend", "Survoicerium.Backend\Survoicerium.Backend.csproj", "{5FBCC2E1-CEB6-489A-BB35-509BBC6997A2}"
EndProject
Global
	GlobalSection(SolutionConfigurationPlatforms) = preSolution
		Debug|Any CPU = Debug|Any CPU
		Release|Any CPU = Release|Any CPU
	EndGlobalSection
	GlobalSection(ProjectConfigurationPlatforms) = postSolution
		{5FBCC2E1-CEB6-489A-BB35-509BBC6997A2}.Debug|Any CPU.ActiveCfg = Debug|Any CPU
		{5FBCC2E1-CEB6-489A-BB35-509BBC6997A2}.Debug|Any CPU.Build.0 = Debug|Any CPU
		{5FBCC2E1-CEB6-489A-BB35-509BBC6997A2}.Release|Any CPU.ActiveCfg = Release|Any CPU
		{5FBCC2E1-CEB6-489A-BB35-509BBC6997A2}.Release|Any CPU.Build.0 = Release|Any CPU
	EndGlobalSection
	GlobalSection(SolutionProperties) = preSolution
		HideSolutionNode = FALSE
	EndGlobalSection
	GlobalSection(ExtensibilityGlobals) = postSolution
		SolutionGuid = {DDB19C93-C6CA-49B0-B1CF-8A9F055EA463}
	EndGlobalSection
EndGlobal
